
Microsoft Visual Studio Solution File, Format Version 11.00
# Visual Studio 2010
Project("{8BC9CEB8-8B4A-11D0-8D11-00A0C91BC942}") = "StackWalker", "StackWalker\StackWalker.vcxproj", "{60AB7F3F-EBF2-492E-94C3-E4AC4317BD64}"
EndProject
Project("{8BC9CEB8-8B4A-11D0-8D11-00A0C91BC942}") = "leakTest", "leakTest\leakTest.vcxproj", "{5E2D091D-DDBB-450F-B989-589D24F197C6}"
EndProject
Global
	GlobalSection(SolutionConfigurationPlatforms) = preSolution
		Debug|Win32 = Debug|Win32
		Release|Win32 = Release|Win32
	EndGlobalSection
	GlobalSection(ProjectConfigurationPlatforms) = postSolution
		{60AB7F3F-EBF2-492E-94C3-E4AC4317BD64}.Debug|Win32.ActiveCfg = Debug|Win32
		{60AB7F3F-EBF2-492E-94C3-E4AC4317BD64}.Debug|Win32.Build.0 = Debug|Win32
		{60AB7F3F-EBF2-492E-94C3-E4AC4317BD64}.Release|Win32.ActiveCfg = Release|Win32
		{60AB7F3F-EBF2-492E-94C3-E4AC4317BD64}.Release|Win32.Build.0 = Release|Win32
		{5E2D091D-DDBB-450F-B989-589D24F197C6}.Debug|Win32.ActiveCfg = Debug|Win32
		{5E2D091D-DDBB-450F-B989-589D24F197C6}.Debug|Win32.Build.0 = Debug|Win32
		{5E2D091D-DDBB-450F-B989-589D24F197C6}.Release|Win32.ActiveCfg = Release|Win32
		{5E2D091D-DDBB-450F-B989-589D24F197C6}.Release|Win32.Build.0 = Release|Win32
	EndGlobalSection
	GlobalSection(SolutionProperties) = preSolution
		HideSolutionNode = FALSE
	EndGlobalSection
EndGlobal
